// !$*UTF8*$!
{
	archiveVersion = 1;
	classes = {
	};
	objectVersion = 52;
	objects = {

/* Begin PBXBuildFile section */
		6318BD6C2755B3AA00BA9270 /* RichTextView.swift in Sources */ = {isa = PBXBuildFile; fileRef = 6318BD6B2755B3AA00BA9270 /* RichTextView.swift */; };
		6318D2F42701C45E00B52D5D /* HLMoreButton.swift in Sources */ = {isa = PBXBuildFile; fileRef = 6318D2F32701C45E00B52D5D /* HLMoreButton.swift */; };
		632C6BED26EF3866001E7C44 /* StringExtensions.swift in Sources */ = {isa = PBXBuildFile; fileRef = 632C6BEC26EF3866001E7C44 /* StringExtensions.swift */; };
		6370544426953B5E0060F6B4 /* TestMac-Bridging-Header.h in Sources */ = {isa = PBXBuildFile; fileRef = 6370544326953B5E0060F6B4 /* TestMac-Bridging-Header.h */; };
		639936AA26EC465800348155 /* EncodableExtension.swift in Sources */ = {isa = PBXBuildFile; fileRef = 639936A926EC465800348155 /* EncodableExtension.swift */; };
		639936AC26EC4F7B00348155 /* StringExtension.swift in Sources */ = {isa = PBXBuildFile; fileRef = 639936AB26EC4F7B00348155 /* StringExtension.swift */; };
		639E8CCE277AACB800B3F060 /* EFQRCode in Frameworks */ = {isa = PBXBuildFile; productRef = 639E8CCD277AACB800B3F060 /* EFQRCode */; };
		63A9AE0027058A9300D5A421 /* HLDragView.swift in Sources */ = {isa = PBXBuildFile; fileRef = 63A9ADFF27058A9300D5A421 /* HLDragView.swift */; };
		63AB7BB0272B94A100598A86 /* AssetsImage.swift in Sources */ = {isa = PBXBuildFile; fileRef = 63AB7BAF272B94A100598A86 /* AssetsImage.swift */; };
		63AD9C81268F16D900B6B6E8 /* AppDelegate.swift in Sources */ = {isa = PBXBuildFile; fileRef = 63AD9C80268F16D900B6B6E8 /* AppDelegate.swift */; };
		63AD9C83268F16D900B6B6E8 /* ViewController.swift in Sources */ = {isa = PBXBuildFile; fileRef = 63AD9C82268F16D900B6B6E8 /* ViewController.swift */; };
		63AD9C85268F16DA00B6B6E8 /* Assets.xcassets in Resources */ = {isa = PBXBuildFile; fileRef = 63AD9C84268F16DA00B6B6E8 /* Assets.xcassets */; };
		63AD9C88268F16DA00B6B6E8 /* Main.storyboard in Resources */ = {isa = PBXBuildFile; fileRef = 63AD9C86268F16DA00B6B6E8 /* Main.storyboard */; };
		63B0881B26EB5B440062FA7B /* NSViewExtensions.swift in Sources */ = {isa = PBXBuildFile; fileRef = 63B0881A26EB5B440062FA7B /* NSViewExtensions.swift */; };
		63B0881F26EB65AC0062FA7B /* DictionaryExtensions.swift in Sources */ = {isa = PBXBuildFile; fileRef = 63B0881E26EB65AC0062FA7B /* DictionaryExtensions.swift */; };
		63B7441726C20B6000DAA0B1 /* NSLabel.swift in Sources */ = {isa = PBXBuildFile; fileRef = 63B7441626C20B6000DAA0B1 /* NSLabel.swift */; };
		63B910072743B08F00F2D818 /* DragViewController.swift in Sources */ = {isa = PBXBuildFile; fileRef = 63B910062743B08F00F2D818 /* DragViewController.swift */; };
		63F03887278BCF7500B7DC9A /* URLExtension.swift in Sources */ = {isa = PBXBuildFile; fileRef = 63F03886278BCF7500B7DC9A /* URLExtension.swift */; };
		63FFF61D26F5D5EC00673395 /* HLImageStateButton.swift in Sources */ = {isa = PBXBuildFile; fileRef = 63FFF61C26F5D5EC00673395 /* HLImageStateButton.swift */; };
		6BB918D2B9A975B61F4934A7 /* libPods-TestMac.a in Frameworks */ = {isa = PBXBuildFile; fileRef = 47B79D4A1D1A76E0A4740C7A /* libPods-TestMac.a */; };
/* End PBXBuildFile section */

/* Begin PBXFileReference section */
		3A7D3857C834ED7F205C6E92 /* Pods-TestMac.release.xcconfig */ = {isa = PBXFileReference; includeInIndex = 1; lastKnownFileType = text.xcconfig; name = "Pods-TestMac.release.xcconfig"; path = "Target Support Files/Pods-TestMac/Pods-TestMac.release.xcconfig"; sourceTree = "<group>"; };
		47B79D4A1D1A76E0A4740C7A /* libPods-TestMac.a */ = {isa = PBXFileReference; explicitFileType = archive.ar; includeInIndex = 0; path = "libPods-TestMac.a"; sourceTree = BUILT_PRODUCTS_DIR; };
		6318BD6B2755B3AA00BA9270 /* RichTextView.swift */ = {isa = PBXFileReference; lastKnownFileType = sourcecode.swift; path = RichTextView.swift; sourceTree = "<group>"; };
		6318D2F32701C45E00B52D5D /* HLMoreButton.swift */ = {isa = PBXFileReference; lastKnownFileType = sourcecode.swift; path = HLMoreButton.swift; sourceTree = "<group>"; };
		632C6BEC26EF3866001E7C44 /* StringExtensions.swift */ = {isa = PBXFileReference; fileEncoding = 4; lastKnownFileType = sourcecode.swift; path = StringExtensions.swift; sourceTree = "<group>"; };
		6370544326953B5E0060F6B4 /* TestMac-Bridging-Header.h */ = {isa = PBXFileReference; lastKnownFileType = sourcecode.c.h; path = "TestMac-Bridging-Header.h"; sourceTree = "<group>"; };
		639936A926EC465800348155 /* EncodableExtension.swift */ = {isa = PBXFileReference; lastKnownFileType = sourcecode.swift; path = EncodableExtension.swift; sourceTree = "<group>"; };
		639936AB26EC4F7B00348155 /* StringExtension.swift */ = {isa = PBXFileReference; lastKnownFileType = sourcecode.swift; path = StringExtension.swift; sourceTree = "<group>"; };
		63A9ADFF27058A9300D5A421 /* HLDragView.swift */ = {isa = PBXFileReference; lastKnownFileType = sourcecode.swift; path = HLDragView.swift; sourceTree = "<group>"; };
		63AB7BAE272B944600598A86 /* zh-Hans */ = {isa = PBXFileReference; lastKnownFileType = text.plist.strings; name = "zh-Hans"; path = "zh-Hans.lproj/Main.strings"; sourceTree = "<group>"; };
		63AB7BAF272B94A100598A86 /* AssetsImage.swift */ = {isa = PBXFileReference; fileEncoding = 4; lastKnownFileType = sourcecode.swift; path = AssetsImage.swift; sourceTree = "<group>"; };
		63AD9C7D268F16D900B6B6E8 /* TestMac.app */ = {isa = PBXFileReference; explicitFileType = wrapper.application; includeInIndex = 0; path = TestMac.app; sourceTree = BUILT_PRODUCTS_DIR; };
		63AD9C80268F16D900B6B6E8 /* AppDelegate.swift */ = {isa = PBXFileReference; lastKnownFileType = sourcecode.swift; path = AppDelegate.swift; sourceTree = "<group>"; };
		63AD9C82268F16D900B6B6E8 /* ViewController.swift */ = {isa = PBXFileReference; lastKnownFileType = sourcecode.swift; path = ViewController.swift; sourceTree = "<group>"; };
		63AD9C84268F16DA00B6B6E8 /* Assets.xcassets */ = {isa = PBXFileReference; lastKnownFileType = folder.assetcatalog; path = Assets.xcassets; sourceTree = "<group>"; };
		63AD9C87268F16DA00B6B6E8 /* Base */ = {isa = PBXFileReference; lastKnownFileType = file.storyboard; name = Base; path = Base.lproj/Main.storyboard; sourceTree = "<group>"; };
		63AD9C89268F16DA00B6B6E8 /* Info.plist */ = {isa = PBXFileReference; lastKnownFileType = text.plist.xml; path = Info.plist; sourceTree = "<group>"; };
		63AD9C8A268F16DA00B6B6E8 /* TestMac.entitlements */ = {isa = PBXFileReference; lastKnownFileType = text.plist.entitlements; path = TestMac.entitlements; sourceTree = "<group>"; };
		63B0881A26EB5B440062FA7B /* NSViewExtensions.swift */ = {isa = PBXFileReference; lastKnownFileType = sourcecode.swift; path = NSViewExtensions.swift; sourceTree = "<group>"; };
		63B0881E26EB65AC0062FA7B /* DictionaryExtensions.swift */ = {isa = PBXFileReference; lastKnownFileType = sourcecode.swift; path = DictionaryExtensions.swift; sourceTree = "<group>"; };
		63B7441626C20B6000DAA0B1 /* NSLabel.swift */ = {isa = PBXFileReference; fileEncoding = 4; lastKnownFileType = sourcecode.swift; path = NSLabel.swift; sourceTree = "<group>"; };
		63B910062743B08F00F2D818 /* DragViewController.swift */ = {isa = PBXFileReference; lastKnownFileType = sourcecode.swift; path = DragViewController.swift; sourceTree = "<group>"; };
		63F03886278BCF7500B7DC9A /* URLExtension.swift */ = {isa = PBXFileReference; lastKnownFileType = sourcecode.swift; path = URLExtension.swift; sourceTree = "<group>"; };
		63FFF61C26F5D5EC00673395 /* HLImageStateButton.swift */ = {isa = PBXFileReference; lastKnownFileType = sourcecode.swift; path = HLImageStateButton.swift; sourceTree = "<group>"; };
		8BCDC034CCE9EC6F2EF36DFD /* Pods-TestMac.debug.xcconfig */ = {isa = PBXFileReference; includeInIndex = 1; lastKnownFileType = text.xcconfig; name = "Pods-TestMac.debug.xcconfig"; path = "Target Support Files/Pods-TestMac/Pods-TestMac.debug.xcconfig"; sourceTree = "<group>"; };
/* End PBXFileReference section */

/* Begin PBXFrameworksBuildPhase section */
		63AD9C7A268F16D900B6B6E8 /* Frameworks */ = {
			isa = PBXFrameworksBuildPhase;
			buildActionMask = 2147483647;
			files = (
				6BB918D2B9A975B61F4934A7 /* libPods-TestMac.a in Frameworks */,
				639E8CCE277AACB800B3F060 /* EFQRCode in Frameworks */,
			);
			runOnlyForDeploymentPostprocessing = 0;
		};
/* End PBXFrameworksBuildPhase section */

/* Begin PBXGroup section */
		2CE2091E6A62A36DBE8E2D92 /* Pods */ = {
			isa = PBXGroup;
			children = (
				8BCDC034CCE9EC6F2EF36DFD /* Pods-TestMac.debug.xcconfig */,
				3A7D3857C834ED7F205C6E92 /* Pods-TestMac.release.xcconfig */,
			);
			path = Pods;
			sourceTree = "<group>";
		};
		41472234338650D8531BDA81 /* Frameworks */ = {
			isa = PBXGroup;
			children = (
				47B79D4A1D1A76E0A4740C7A /* libPods-TestMac.a */,
			);
			name = Frameworks;
			sourceTree = "<group>";
		};
		6318BD6A2755B3A200BA9270 /* RichTextView */ = {
			isa = PBXGroup;
			children = (
				6318BD6B2755B3AA00BA9270 /* RichTextView.swift */,
			);
			path = RichTextView;
			sourceTree = "<group>";
		};
		6329C7A426EF224B00BCFA1C /* Common */ = {
			isa = PBXGroup;
			children = (
				63B7441626C20B6000DAA0B1 /* NSLabel.swift */,
			);
			path = Common;
			sourceTree = "<group>";
		};
		639936A826EC45DE00348155 /* Extension */ = {
			isa = PBXGroup;
			children = (
				63B0881A26EB5B440062FA7B /* NSViewExtensions.swift */,
				63B0881E26EB65AC0062FA7B /* DictionaryExtensions.swift */,
				639936A926EC465800348155 /* EncodableExtension.swift */,
				639936AB26EC4F7B00348155 /* StringExtension.swift */,
				632C6BEC26EF3866001E7C44 /* StringExtensions.swift */,
				63F03886278BCF7500B7DC9A /* URLExtension.swift */,
			);
			path = Extension;
			sourceTree = "<group>";
		};
		63AB7BAC272B93C200598A86 /* Assets */ = {
			isa = PBXGroup;
			children = (
				63AB7BAF272B94A100598A86 /* AssetsImage.swift */,
			);
			path = Assets;
			sourceTree = "<group>";
		};
		63AD9C74268F16D900B6B6E8 = {
			isa = PBXGroup;
			children = (
				63AD9C7F268F16D900B6B6E8 /* TestMac */,
				63AD9C7E268F16D900B6B6E8 /* Products */,
				2CE2091E6A62A36DBE8E2D92 /* Pods */,
				41472234338650D8531BDA81 /* Frameworks */,
			);
			sourceTree = "<group>";
		};
		63AD9C7E268F16D900B6B6E8 /* Products */ = {
			isa = PBXGroup;
			children = (
				63AD9C7D268F16D900B6B6E8 /* TestMac.app */,
			);
			name = Products;
			sourceTree = "<group>";
		};
		63AD9C7F268F16D900B6B6E8 /* TestMac */ = {
			isa = PBXGroup;
			children = (
				6318BD6A2755B3A200BA9270 /* RichTextView */,
				63B910052743B08200F2D818 /* Drag */,
				63AB7BAC272B93C200598A86 /* Assets */,
				6329C7A426EF224B00BCFA1C /* Common */,
				639936A826EC45DE00348155 /* Extension */,
				63AD9C80268F16D900B6B6E8 /* AppDelegate.swift */,
				63AD9C82268F16D900B6B6E8 /* ViewController.swift */,
				6370544326953B5E0060F6B4 /* TestMac-Bridging-Header.h */,
				63FFF61C26F5D5EC00673395 /* HLImageStateButton.swift */,
				6318D2F32701C45E00B52D5D /* HLMoreButton.swift */,
				63AD9C84268F16DA00B6B6E8 /* Assets.xcassets */,
				63AD9C86268F16DA00B6B6E8 /* Main.storyboard */,
				63AD9C89268F16DA00B6B6E8 /* Info.plist */,
				63AD9C8A268F16DA00B6B6E8 /* TestMac.entitlements */,
			);
			path = TestMac;
			sourceTree = "<group>";
		};
		63B910052743B08200F2D818 /* Drag */ = {
			isa = PBXGroup;
			children = (
				63B910062743B08F00F2D818 /* DragViewController.swift */,
				63A9ADFF27058A9300D5A421 /* HLDragView.swift */,
			);
			path = Drag;
			sourceTree = "<group>";
		};
/* End PBXGroup section */

/* Begin PBXNativeTarget section */
		63AD9C7C268F16D900B6B6E8 /* TestMac */ = {
			isa = PBXNativeTarget;
			buildConfigurationList = 63AD9C8D268F16DA00B6B6E8 /* Build configuration list for PBXNativeTarget "TestMac" */;
			buildPhases = (
				D875F667CD51AF12368DBC72 /* [CP] Check Pods Manifest.lock */,
				63AD9C79268F16D900B6B6E8 /* Sources */,
				63AD9C7A268F16D900B6B6E8 /* Frameworks */,
				63AD9C7B268F16D900B6B6E8 /* Resources */,
				63AB7BAD272B93F800598A86 /* swiftgen */,
			);
			buildRules = (
			);
			dependencies = (
			);
			name = TestMac;
			packageProductDependencies = (
				639E8CCD277AACB800B3F060 /* EFQRCode */,
			);
			productName = TestMac;
			productReference = 63AD9C7D268F16D900B6B6E8 /* TestMac.app */;
			productType = "com.apple.product-type.application";
		};
/* End PBXNativeTarget section */

/* Begin PBXProject section */
		63AD9C75268F16D900B6B6E8 /* Project object */ = {
			isa = PBXProject;
			attributes = {
				LastSwiftUpdateCheck = 1250;
				LastUpgradeCheck = 1250;
				TargetAttributes = {
					63AD9C7C268F16D900B6B6E8 = {
						CreatedOnToolsVersion = 12.5.1;
					};
				};
			};
			buildConfigurationList = 63AD9C78268F16D900B6B6E8 /* Build configuration list for PBXProject "TestMac" */;
			compatibilityVersion = "Xcode 9.3";
			developmentRegion = en;
			hasScannedForEncodings = 0;
			knownRegions = (
				en,
				Base,
				"zh-Hans",
			);
			mainGroup = 63AD9C74268F16D900B6B6E8;
			packageReferences = (
				639E8CCC277AACB800B3F060 /* XCRemoteSwiftPackageReference "EFQRCode" */,
			);
			productRefGroup = 63AD9C7E268F16D900B6B6E8 /* Products */;
			projectDirPath = "";
			projectRoot = "";
			targets = (
				63AD9C7C268F16D900B6B6E8 /* TestMac */,
			);
		};
/* End PBXProject section */

/* Begin PBXResourcesBuildPhase section */
		63AD9C7B268F16D900B6B6E8 /* Resources */ = {
			isa = PBXResourcesBuildPhase;
			buildActionMask = 2147483647;
			files = (
				63AD9C85268F16DA00B6B6E8 /* Assets.xcassets in Resources */,
				63AD9C88268F16DA00B6B6E8 /* Main.storyboard in Resources */,
			);
			runOnlyForDeploymentPostprocessing = 0;
		};
/* End PBXResourcesBuildPhase section */

/* Begin PBXShellScriptBuildPhase section */
		63AB7BAD272B93F800598A86 /* swiftgen */ = {
			isa = PBXShellScriptBuildPhase;
			buildActionMask = 2147483647;
			files = (
			);
			inputFileListPaths = (
			);
			inputPaths = (
			);
			name = swiftgen;
			outputFileListPaths = (
			);
			outputPaths = (
			);
			runOnlyForDeploymentPostprocessing = 0;
			shellPath = /bin/sh;
			shellScript = "if which swiftgen >/dev/null; then\n  swiftgen\nelse\n  echo \"warning: SwiftGen not installed, download it from https://github.com/SwiftGen/SwiftGen\"\nfi\n";
		};
		D875F667CD51AF12368DBC72 /* [CP] Check Pods Manifest.lock */ = {
			isa = PBXShellScriptBuildPhase;
			buildActionMask = 2147483647;
			files = (
			);
			inputFileListPaths = (
			);
			inputPaths = (
				"${PODS_PODFILE_DIR_PATH}/Podfile.lock",
				"${PODS_ROOT}/Manifest.lock",
			);
			name = "[CP] Check Pods Manifest.lock";
			outputFileListPaths = (
			);
			outputPaths = (
				"$(DERIVED_FILE_DIR)/Pods-TestMac-checkManifestLockResult.txt",
			);
			runOnlyForDeploymentPostprocessing = 0;
			shellPath = /bin/sh;
			shellScript = "diff \"${PODS_PODFILE_DIR_PATH}/Podfile.lock\" \"${PODS_ROOT}/Manifest.lock\" > /dev/null\nif [ $? != 0 ] ; then\n    # print error to STDERR\n    echo \"error: The sandbox is not in sync with the Podfile.lock. Run 'pod install' or update your CocoaPods installation.\" >&2\n    exit 1\nfi\n# This output is used by Xcode 'outputs' to avoid re-running this script phase.\necho \"SUCCESS\" > \"${SCRIPT_OUTPUT_FILE_0}\"\n";
			showEnvVarsInLog = 0;
		};
/* End PBXShellScriptBuildPhase section */

/* Begin PBXSourcesBuildPhase section */
		63AD9C79268F16D900B6B6E8 /* Sources */ = {
			isa = PBXSourcesBuildPhase;
			buildActionMask = 2147483647;
			files = (
				63A9AE0027058A9300D5A421 /* HLDragView.swift in Sources */,
				632C6BED26EF3866001E7C44 /* StringExtensions.swift in Sources */,
				63B7441726C20B6000DAA0B1 /* NSLabel.swift in Sources */,
				63B0881F26EB65AC0062FA7B /* DictionaryExtensions.swift in Sources */,
				63B0881B26EB5B440062FA7B /* NSViewExtensions.swift in Sources */,
				63AD9C83268F16D900B6B6E8 /* ViewController.swift in Sources */,
				6318D2F42701C45E00B52D5D /* HLMoreButton.swift in Sources */,
				63FFF61D26F5D5EC00673395 /* HLImageStateButton.swift in Sources */,
				639936AC26EC4F7B00348155 /* StringExtension.swift in Sources */,
				63AB7BB0272B94A100598A86 /* AssetsImage.swift in Sources */,
				63B910072743B08F00F2D818 /* DragViewController.swift in Sources */,
				6318BD6C2755B3AA00BA9270 /* RichTextView.swift in Sources */,
				639936AA26EC465800348155 /* EncodableExtension.swift in Sources */,
				63F03887278BCF7500B7DC9A /* URLExtension.swift in Sources */,
				63AD9C81268F16D900B6B6E8 /* AppDelegate.swift in Sources */,
				6370544426953B5E0060F6B4 /* TestMac-Bridging-Header.h in Sources */,
			);
			runOnlyForDeploymentPostprocessing = 0;
		};
/* End PBXSourcesBuildPhase section */

/* Begin PBXVariantGroup section */
		63AD9C86268F16DA00B6B6E8 /* Main.storyboard */ = {
			isa = PBXVariantGroup;
			children = (
				63AD9C87268F16DA00B6B6E8 /* Base */,
				63AB7BAE272B944600598A86 /* zh-Hans */,
			);
			name = Main.storyboard;
			sourceTree = "<group>";
		};
/* End PBXVariantGroup section */

/* Begin XCBuildConfiguration section */
		63AD9C8B268F16DA00B6B6E8 /* Debug */ = {
			isa = XCBuildConfiguration;
			buildSettings = {
				ALWAYS_SEARCH_USER_PATHS = NO;
				CLANG_ANALYZER_LOCALIZABILITY_NONLOCALIZED = YES;
				CLANG_ANALYZER_NONNULL = YES;
				CLANG_ANALYZER_NUMBER_OBJECT_CONVERSION = YES_AGGRESSIVE;
				CLANG_CXX_LANGUAGE_STANDARD = "gnu++14";
				CLANG_CXX_LIBRARY = "libc++";
				CLANG_ENABLE_MODULES = YES;
				CLANG_ENABLE_OBJC_ARC = YES;
				CLANG_ENABLE_OBJC_WEAK = YES;
				CLANG_WARN_BLOCK_CAPTURE_AUTORELEASING = YES;
				CLANG_WARN_BOOL_CONVERSION = YES;
				CLANG_WARN_COMMA = YES;
				CLANG_WARN_CONSTANT_CONVERSION = YES;
				CLANG_WARN_DEPRECATED_OBJC_IMPLEMENTATIONS = YES;
				CLANG_WARN_DIRECT_OBJC_ISA_USAGE = YES_ERROR;
				CLANG_WARN_DOCUMENTATION_COMMENTS = YES;
				CLANG_WARN_EMPTY_BODY = YES;
				CLANG_WARN_ENUM_CONVERSION = YES;
				CLANG_WARN_INFINITE_RECURSION = YES;
				CLANG_WARN_INT_CONVERSION = YES;
				CLANG_WARN_NON_LITERAL_NULL_CONVERSION = YES;
				CLANG_WARN_OBJC_IMPLICIT_RETAIN_SELF = YES;
				CLANG_WARN_OBJC_LITERAL_CONVERSION = YES;
				CLANG_WARN_OBJC_ROOT_CLASS = YES_ERROR;
				CLANG_WARN_QUOTED_INCLUDE_IN_FRAMEWORK_HEADER = YES;
				CLANG_WARN_RANGE_LOOP_ANALYSIS = YES;
				CLANG_WARN_STRICT_PROTOTYPES = YES;
				CLANG_WARN_SUSPICIOUS_MOVE = YES;
				CLANG_WARN_UNGUARDED_AVAILABILITY = YES_AGGRESSIVE;
				CLANG_WARN_UNREACHABLE_CODE = YES;
				CLANG_WARN__DUPLICATE_METHOD_MATCH = YES;
				COPY_PHASE_STRIP = NO;
				DEBUG_INFORMATION_FORMAT = dwarf;
				ENABLE_STRICT_OBJC_MSGSEND = YES;
				ENABLE_TESTABILITY = YES;
				GCC_C_LANGUAGE_STANDARD = gnu11;
				GCC_DYNAMIC_NO_PIC = NO;
				GCC_NO_COMMON_BLOCKS = YES;
				GCC_OPTIMIZATION_LEVEL = 0;
				GCC_PREPROCESSOR_DEFINITIONS = (
					"DEBUG=1",
					"$(inherited)",
				);
				GCC_WARN_64_TO_32_BIT_CONVERSION = YES;
				GCC_WARN_ABOUT_RETURN_TYPE = YES_ERROR;
				GCC_WARN_UNDECLARED_SELECTOR = YES;
				GCC_WARN_UNINITIALIZED_AUTOS = YES_AGGRESSIVE;
				GCC_WARN_UNUSED_FUNCTION = YES;
				GCC_WARN_UNUSED_VARIABLE = YES;
				MACOSX_DEPLOYMENT_TARGET = 11.3;
				MTL_ENABLE_DEBUG_INFO = INCLUDE_SOURCE;
				MTL_FAST_MATH = YES;
				ONLY_ACTIVE_ARCH = YES;
				SDKROOT = macosx;
				SWIFT_ACTIVE_COMPILATION_CONDITIONS = DEBUG;
				SWIFT_OPTIMIZATION_LEVEL = "-Onone";
			};
			name = Debug;
		};
		63AD9C8C268F16DA00B6B6E8 /* Release */ = {
			isa = XCBuildConfiguration;
			buildSettings = {
				ALWAYS_SEARCH_USER_PATHS = NO;
				CLANG_ANALYZER_LOCALIZABILITY_NONLOCALIZED = YES;
				CLANG_ANALYZER_NONNULL = YES;
				CLANG_ANALYZER_NUMBER_OBJECT_CONVERSION = YES_AGGRESSIVE;
				CLANG_CXX_LANGUAGE_STANDARD = "gnu++14";
				CLANG_CXX_LIBRARY = "libc++";
				CLANG_ENABLE_MODULES = YES;
				CLANG_ENABLE_OBJC_ARC = YES;
				CLANG_ENABLE_OBJC_WEAK = YES;
				CLANG_WARN_BLOCK_CAPTURE_AUTORELEASING = YES;
				CLANG_WARN_BOOL_CONVERSION = YES;
				CLANG_WARN_COMMA = YES;
				CLANG_WARN_CONSTANT_CONVERSION = YES;
				CLANG_WARN_DEPRECATED_OBJC_IMPLEMENTATIONS = YES;
				CLANG_WARN_DIRECT_OBJC_ISA_USAGE = YES_ERROR;
				CLANG_WARN_DOCUMENTATION_COMMENTS = YES;
				CLANG_WARN_EMPTY_BODY = YES;
				CLANG_WARN_ENUM_CONVERSION = YES;
				CLANG_WARN_INFINITE_RECURSION = YES;
				CLANG_WARN_INT_CONVERSION = YES;
				CLANG_WARN_NON_LITERAL_NULL_CONVERSION = YES;
				CLANG_WARN_OBJC_IMPLICIT_RETAIN_SELF = YES;
				CLANG_WARN_OBJC_LITERAL_CONVERSION = YES;
				CLANG_WARN_OBJC_ROOT_CLASS = YES_ERROR;
				CLANG_WARN_QUOTED_INCLUDE_IN_FRAMEWORK_HEADER = YES;
				CLANG_WARN_RANGE_LOOP_ANALYSIS = YES;
				CLANG_WARN_STRICT_PROTOTYPES = YES;
				CLANG_WARN_SUSPICIOUS_MOVE = YES;
				CLANG_WARN_UNGUARDED_AVAILABILITY = YES_AGGRESSIVE;
				CLANG_WARN_UNREACHABLE_CODE = YES;
				CLANG_WARN__DUPLICATE_METHOD_MATCH = YES;
				COPY_PHASE_STRIP = NO;
				DEBUG_INFORMATION_FORMAT = "dwarf-with-dsym";
				ENABLE_NS_ASSERTIONS = NO;
				ENABLE_STRICT_OBJC_MSGSEND = YES;
				GCC_C_LANGUAGE_STANDARD = gnu11;
				GCC_NO_COMMON_BLOCKS = YES;
				GCC_WARN_64_TO_32_BIT_CONVERSION = YES;
				GCC_WARN_ABOUT_RETURN_TYPE = YES_ERROR;
				GCC_WARN_UNDECLARED_SELECTOR = YES;
				GCC_WARN_UNINITIALIZED_AUTOS = YES_AGGRESSIVE;
				GCC_WARN_UNUSED_FUNCTION = YES;
				GCC_WARN_UNUSED_VARIABLE = YES;
				MACOSX_DEPLOYMENT_TARGET = 11.3;
				MTL_ENABLE_DEBUG_INFO = NO;
				MTL_FAST_MATH = YES;
				SDKROOT = macosx;
				SWIFT_COMPILATION_MODE = wholemodule;
				SWIFT_OPTIMIZATION_LEVEL = "-O";
			};
			name = Release;
		};
		63AD9C8E268F16DA00B6B6E8 /* Debug */ = {
			isa = XCBuildConfiguration;
			baseConfigurationReference = 8BCDC034CCE9EC6F2EF36DFD /* Pods-TestMac.debug.xcconfig */;
			buildSettings = {
				ASSETCATALOG_COMPILER_APPICON_NAME = AppIcon;
				ASSETCATALOG_COMPILER_GLOBAL_ACCENT_COLOR_NAME = AccentColor;
				CODE_SIGN_ENTITLEMENTS = TestMac/TestMac.entitlements;
				CODE_SIGN_IDENTITY = "-";
				CODE_SIGN_STYLE = Automatic;
				COMBINE_HIDPI_IMAGES = YES;
				DEVELOPMENT_TEAM = R9H33JX4W4;
				ENABLE_HARDENED_RUNTIME = YES;
				INFOPLIST_FILE = TestMac/Info.plist;
				LD_RUNPATH_SEARCH_PATHS = (
					"$(inherited)",
					"@executable_path/../Frameworks",
				);
				PRODUCT_BUNDLE_IDENTIFIER = com.hengli.TestMac;
				PRODUCT_NAME = "$(TARGET_NAME)";
				SWIFT_OBJC_BRIDGING_HEADER = "TestMac/TestMac-Bridging-Header.h";
				SWIFT_VERSION = 5.0;
			};
			name = Debug;
		};
		63AD9C8F268F16DA00B6B6E8 /* Release */ = {
			isa = XCBuildConfiguration;
			baseConfigurationReference = 3A7D3857C834ED7F205C6E92 /* Pods-TestMac.release.xcconfig */;
			buildSettings = {
				ASSETCATALOG_COMPILER_APPICON_NAME = AppIcon;
				ASSETCATALOG_COMPILER_GLOBAL_ACCENT_COLOR_NAME = AccentColor;
				CODE_SIGN_ENTITLEMENTS = TestMac/TestMac.entitlements;
				CODE_SIGN_IDENTITY = "-";
				CODE_SIGN_STYLE = Automatic;
				COMBINE_HIDPI_IMAGES = YES;
				DEVELOPMENT_TEAM = R9H33JX4W4;
				ENABLE_HARDENED_RUNTIME = YES;
				INFOPLIST_FILE = TestMac/Info.plist;
				LD_RUNPATH_SEARCH_PATHS = (
					"$(inherited)",
					"@executable_path/../Frameworks",
				);
				PRODUCT_BUNDLE_IDENTIFIER = com.hengli.TestMac;
				PRODUCT_NAME = "$(TARGET_NAME)";
				SWIFT_OBJC_BRIDGING_HEADER = "TestMac/TestMac-Bridging-Header.h";
				SWIFT_VERSION = 5.0;
			};
			name = Release;
		};
/* End XCBuildConfiguration section */

/* Begin XCConfigurationList section */
		63AD9C78268F16D900B6B6E8 /* Build configuration list for PBXProject "TestMac" */ = {
			isa = XCConfigurationList;
			buildConfigurations = (
				63AD9C8B268F16DA00B6B6E8 /* Debug */,
				63AD9C8C268F16DA00B6B6E8 /* Release */,
			);
			defaultConfigurationIsVisible = 0;
			defaultConfigurationName = Release;
		};
		63AD9C8D268F16DA00B6B6E8 /* Build configuration list for PBXNativeTarget "TestMac" */ = {
			isa = XCConfigurationList;
			buildConfigurations = (
				63AD9C8E268F16DA00B6B6E8 /* Debug */,
				63AD9C8F268F16DA00B6B6E8 /* Release */,
			);
			defaultConfigurationIsVisible = 0;
			defaultConfigurationName = Release;
		};
/* End XCConfigurationList section */

/* Begin XCRemoteSwiftPackageReference section */
		639E8CCC277AACB800B3F060 /* XCRemoteSwiftPackageReference "EFQRCode" */ = {
			isa = XCRemoteSwiftPackageReference;
			repositoryURL = "https://github.com/EFPrefix/EFQRCode.git";
			requirement = {
				kind = upToNextMajorVersion;
				minimumVersion = 6.0.0;
			};
		};
/* End XCRemoteSwiftPackageReference section */

/* Begin XCSwiftPackageProductDependency section */
		639E8CCD277AACB800B3F060 /* EFQRCode */ = {
			isa = XCSwiftPackageProductDependency;
			package = 639E8CCC277AACB800B3F060 /* XCRemoteSwiftPackageReference "EFQRCode" */;
			productName = EFQRCode;
		};
/* End XCSwiftPackageProductDependency section */
	};
	rootObject = 63AD9C75268F16D900B6B6E8 /* Project object */;
}
